// !$*UTF8*$!
{
	archiveVersion = 1;
	classes = {
	};
	objectVersion = 56;
	objects = {

/* Begin PBXBuildFile section */
		F24054972C2854A700A8C38C /* Post.swift in Sources */ = {isa = PBXBuildFile; fileRef = F24054962C2854A700A8C38C /* Post.swift */; };
		F29A7D7F2C1F51750053745D /* VelogLogApp.swift in Sources */ = {isa = PBXBuildFile; fileRef = F29A7D7E2C1F51750053745D /* VelogLogApp.swift */; };
		F29A7D812C1F51750053745D /* MainView.swift in Sources */ = {isa = PBXBuildFile; fileRef = F29A7D802C1F51750053745D /* MainView.swift */; };
		F29A7D832C1F51760053745D /* Assets.xcassets in Resources */ = {isa = PBXBuildFile; fileRef = F29A7D822C1F51760053745D /* Assets.xcassets */; };
		F29A7D862C1F51760053745D /* Preview Assets.xcassets in Resources */ = {isa = PBXBuildFile; fileRef = F29A7D852C1F51760053745D /* Preview Assets.xcassets */; };
		F29A7D932C1F52570053745D /* WidgetKit.framework in Frameworks */ = {isa = PBXBuildFile; fileRef = F29A7D922C1F52570053745D /* WidgetKit.framework */; };
		F29A7D952C1F52570053745D /* SwiftUI.framework in Frameworks */ = {isa = PBXBuildFile; fileRef = F29A7D942C1F52570053745D /* SwiftUI.framework */; };
		F29A7D982C1F52580053745D /* LogWidgetBundle.swift in Sources */ = {isa = PBXBuildFile; fileRef = F29A7D972C1F52580053745D /* LogWidgetBundle.swift */; };
		F29A7D9A2C1F52580053745D /* LogWidgetLiveActivity.swift in Sources */ = {isa = PBXBuildFile; fileRef = F29A7D992C1F52580053745D /* LogWidgetLiveActivity.swift */; };
		F29A7D9C2C1F52580053745D /* LogWidget.swift in Sources */ = {isa = PBXBuildFile; fileRef = F29A7D9B2C1F52580053745D /* LogWidget.swift */; };
		F29A7D9F2C1F52590053745D /* Assets.xcassets in Resources */ = {isa = PBXBuildFile; fileRef = F29A7D9E2C1F52590053745D /* Assets.xcassets */; };
		F29A7DA12C1F52590053745D /* LogWidget.intentdefinition in Sources */ = {isa = PBXBuildFile; fileRef = F29A7D9D2C1F52580053745D /* LogWidget.intentdefinition */; };
		F29A7DA22C1F52590053745D /* LogWidget.intentdefinition in Sources */ = {isa = PBXBuildFile; fileRef = F29A7D9D2C1F52580053745D /* LogWidget.intentdefinition */; };
		F29A7DA52C1F52590053745D /* LogWidgetExtension.appex in Embed Foundation Extensions */ = {isa = PBXBuildFile; fileRef = F29A7D902C1F52570053745D /* LogWidgetExtension.appex */; settings = {ATTRIBUTES = (RemoveHeadersOnCopy, ); }; };
		F2A68F732C2FF602006211BE /* UserDefaultManager.swift in Sources */ = {isa = PBXBuildFile; fileRef = F2A68F722C2FF602006211BE /* UserDefaultManager.swift */; };
		F2A68F782C31417C006211BE /* CustomWKWebView.swift in Sources */ = {isa = PBXBuildFile; fileRef = F2A68F772C31417C006211BE /* CustomWKWebView.swift */; };
		F2A68F7E2C31826F006211BE /* CustomRefresher.swift in Sources */ = {isa = PBXBuildFile; fileRef = F2A68F7D2C31826F006211BE /* CustomRefresher.swift */; };
		F2A68F802C3C57E5006211BE /* Alamofire in Frameworks */ = {isa = PBXBuildFile; productRef = F2A68F7F2C3C57E5006211BE /* Alamofire */; };
		F2A68F842C3C57F6006211BE /* Alamofire in Frameworks */ = {isa = PBXBuildFile; productRef = F2A68F832C3C57F6006211BE /* Alamofire */; };
		F2A68F8E2C4A92AC006211BE /* HelpView.swift in Sources */ = {isa = PBXBuildFile; fileRef = F2A68F8D2C4A92AC006211BE /* HelpView.swift */; };
		F2A68F902C4AA83F006211BE /* FAQ.swift in Sources */ = {isa = PBXBuildFile; fileRef = F2A68F8F2C4AA83F006211BE /* FAQ.swift */; };
		F2A68F922C4AAE3D006211BE /* ResponseModel.swift in Sources */ = {isa = PBXBuildFile; fileRef = F2A68F912C4AAE3D006211BE /* ResponseModel.swift */; };
		F2A68F942C4AB542006211BE /* FeedbackView.swift in Sources */ = {isa = PBXBuildFile; fileRef = F2A68F932C4AB542006211BE /* FeedbackView.swift */; };
		F2A68F982C4AC944006211BE /* hideKeyboardExtension.swift in Sources */ = {isa = PBXBuildFile; fileRef = F2A68F972C4AC944006211BE /* hideKeyboardExtension.swift */; };
		F2A68F9B2C4CFE8D006211BE /* SplashView.swift in Sources */ = {isa = PBXBuildFile; fileRef = F2A68F9A2C4CFE8D006211BE /* SplashView.swift */; };
		F2A68F9D2C4D0169006211BE /* ContentView.swift in Sources */ = {isa = PBXBuildFile; fileRef = F2A68F9C2C4D0169006211BE /* ContentView.swift */; };
/* End PBXBuildFile section */

/* Begin PBXContainerItemProxy section */
		F29A7DA32C1F52590053745D /* PBXContainerItemProxy */ = {
			isa = PBXContainerItemProxy;
			containerPortal = F29A7D732C1F51750053745D /* Project object */;
			proxyType = 1;
			remoteGlobalIDString = F29A7D8F2C1F52570053745D;
			remoteInfo = LogWidgetExtension;
		};
/* End PBXContainerItemProxy section */

/* Begin PBXCopyFilesBuildPhase section */
		F29A7DA92C1F52590053745D /* Embed Foundation Extensions */ = {
			isa = PBXCopyFilesBuildPhase;
			buildActionMask = 2147483647;
			dstPath = "";
			dstSubfolderSpec = 13;
			files = (
				F29A7DA52C1F52590053745D /* LogWidgetExtension.appex in Embed Foundation Extensions */,
			);
			name = "Embed Foundation Extensions";
			runOnlyForDeploymentPostprocessing = 0;
		};
/* End PBXCopyFilesBuildPhase section */

/* Begin PBXFileReference section */
		F24054962C2854A700A8C38C /* Post.swift */ = {isa = PBXFileReference; lastKnownFileType = sourcecode.swift; path = Post.swift; sourceTree = "<group>"; };
		F29A7D7B2C1F51750053745D /* VelogLog.app */ = {isa = PBXFileReference; explicitFileType = wrapper.application; includeInIndex = 0; path = VelogLog.app; sourceTree = BUILT_PRODUCTS_DIR; };
		F29A7D7E2C1F51750053745D /* VelogLogApp.swift */ = {isa = PBXFileReference; lastKnownFileType = sourcecode.swift; path = VelogLogApp.swift; sourceTree = "<group>"; };
		F29A7D802C1F51750053745D /* MainView.swift */ = {isa = PBXFileReference; lastKnownFileType = sourcecode.swift; path = MainView.swift; sourceTree = "<group>"; };
		F29A7D822C1F51760053745D /* Assets.xcassets */ = {isa = PBXFileReference; lastKnownFileType = folder.assetcatalog; path = Assets.xcassets; sourceTree = "<group>"; };
		F29A7D852C1F51760053745D /* Preview Assets.xcassets */ = {isa = PBXFileReference; lastKnownFileType = folder.assetcatalog; path = "Preview Assets.xcassets"; sourceTree = "<group>"; };
		F29A7D902C1F52570053745D /* LogWidgetExtension.appex */ = {isa = PBXFileReference; explicitFileType = "wrapper.app-extension"; includeInIndex = 0; path = LogWidgetExtension.appex; sourceTree = BUILT_PRODUCTS_DIR; };
		F29A7D922C1F52570053745D /* WidgetKit.framework */ = {isa = PBXFileReference; lastKnownFileType = wrapper.framework; name = WidgetKit.framework; path = System/Library/Frameworks/WidgetKit.framework; sourceTree = SDKROOT; };
		F29A7D942C1F52570053745D /* SwiftUI.framework */ = {isa = PBXFileReference; lastKnownFileType = wrapper.framework; name = SwiftUI.framework; path = System/Library/Frameworks/SwiftUI.framework; sourceTree = SDKROOT; };
		F29A7D972C1F52580053745D /* LogWidgetBundle.swift */ = {isa = PBXFileReference; lastKnownFileType = sourcecode.swift; path = LogWidgetBundle.swift; sourceTree = "<group>"; };
		F29A7D992C1F52580053745D /* LogWidgetLiveActivity.swift */ = {isa = PBXFileReference; lastKnownFileType = sourcecode.swift; path = LogWidgetLiveActivity.swift; sourceTree = "<group>"; };
		F29A7D9B2C1F52580053745D /* LogWidget.swift */ = {isa = PBXFileReference; lastKnownFileType = sourcecode.swift; path = LogWidget.swift; sourceTree = "<group>"; };
		F29A7D9D2C1F52580053745D /* LogWidget.intentdefinition */ = {isa = PBXFileReference; lastKnownFileType = file.intentdefinition; path = LogWidget.intentdefinition; sourceTree = "<group>"; };
		F29A7D9E2C1F52590053745D /* Assets.xcassets */ = {isa = PBXFileReference; lastKnownFileType = folder.assetcatalog; path = Assets.xcassets; sourceTree = "<group>"; };
		F29A7DA02C1F52590053745D /* Info.plist */ = {isa = PBXFileReference; lastKnownFileType = text.plist.xml; path = Info.plist; sourceTree = "<group>"; };
		F2A68F722C2FF602006211BE /* UserDefaultManager.swift */ = {isa = PBXFileReference; lastKnownFileType = sourcecode.swift; path = UserDefaultManager.swift; sourceTree = "<group>"; };
		F2A68F772C31417C006211BE /* CustomWKWebView.swift */ = {isa = PBXFileReference; lastKnownFileType = sourcecode.swift; path = CustomWKWebView.swift; sourceTree = "<group>"; };
		F2A68F7D2C31826F006211BE /* CustomRefresher.swift */ = {isa = PBXFileReference; lastKnownFileType = sourcecode.swift; path = CustomRefresher.swift; sourceTree = "<group>"; };
		F2A68F8B2C4584AB006211BE /* VelogLog.entitlements */ = {isa = PBXFileReference; lastKnownFileType = text.plist.entitlements; path = VelogLog.entitlements; sourceTree = "<group>"; };
		F2A68F8C2C458522006211BE /* LogWidgetExtension.entitlements */ = {isa = PBXFileReference; lastKnownFileType = text.plist.entitlements; path = LogWidgetExtension.entitlements; sourceTree = "<group>"; };
		F2A68F8D2C4A92AC006211BE /* HelpView.swift */ = {isa = PBXFileReference; lastKnownFileType = sourcecode.swift; path = HelpView.swift; sourceTree = "<group>"; };
		F2A68F8F2C4AA83F006211BE /* FAQ.swift */ = {isa = PBXFileReference; lastKnownFileType = sourcecode.swift; path = FAQ.swift; sourceTree = "<group>"; };
		F2A68F912C4AAE3D006211BE /* ResponseModel.swift */ = {isa = PBXFileReference; lastKnownFileType = sourcecode.swift; path = ResponseModel.swift; sourceTree = "<group>"; };
		F2A68F932C4AB542006211BE /* FeedbackView.swift */ = {isa = PBXFileReference; lastKnownFileType = sourcecode.swift; path = FeedbackView.swift; sourceTree = "<group>"; };
		F2A68F972C4AC944006211BE /* hideKeyboardExtension.swift */ = {isa = PBXFileReference; lastKnownFileType = sourcecode.swift; path = hideKeyboardExtension.swift; sourceTree = "<group>"; };
		F2A68F992C4AD15B006211BE /* Info.plist */ = {isa = PBXFileReference; lastKnownFileType = text.plist; path = Info.plist; sourceTree = "<group>"; };
		F2A68F9A2C4CFE8D006211BE /* SplashView.swift */ = {isa = PBXFileReference; lastKnownFileType = sourcecode.swift; path = SplashView.swift; sourceTree = "<group>"; };
		F2A68F9C2C4D0169006211BE /* ContentView.swift */ = {isa = PBXFileReference; lastKnownFileType = sourcecode.swift; path = ContentView.swift; sourceTree = "<group>"; };
/* End PBXFileReference section */

/* Begin PBXFrameworksBuildPhase section */
		F29A7D782C1F51750053745D /* Frameworks */ = {
			isa = PBXFrameworksBuildPhase;
			buildActionMask = 2147483647;
			files = (
				F2A68F842C3C57F6006211BE /* Alamofire in Frameworks */,
			);
			runOnlyForDeploymentPostprocessing = 0;
		};
		F29A7D8D2C1F52570053745D /* Frameworks */ = {
			isa = PBXFrameworksBuildPhase;
			buildActionMask = 2147483647;
			files = (
				F2A68F802C3C57E5006211BE /* Alamofire in Frameworks */,
				F29A7D952C1F52570053745D /* SwiftUI.framework in Frameworks */,
				F29A7D932C1F52570053745D /* WidgetKit.framework in Frameworks */,
			);
			runOnlyForDeploymentPostprocessing = 0;
		};
/* End PBXFrameworksBuildPhase section */

/* Begin PBXGroup section */
		F24054952C28549900A8C38C /* Model */ = {
			isa = PBXGroup;
			children = (
				F24054962C2854A700A8C38C /* Post.swift */,
				F2A68F8F2C4AA83F006211BE /* FAQ.swift */,
				F2A68F912C4AAE3D006211BE /* ResponseModel.swift */,
			);
			path = Model;
			sourceTree = "<group>";
		};
		F29A7D722C1F51750053745D = {
			isa = PBXGroup;
			children = (
				F2A68F8C2C458522006211BE /* LogWidgetExtension.entitlements */,
				F29A7D7D2C1F51750053745D /* VelogLog */,
				F29A7D962C1F52580053745D /* LogWidget */,
				F29A7D912C1F52570053745D /* Frameworks */,
				F29A7D7C2C1F51750053745D /* Products */,
			);
			sourceTree = "<group>";
		};
		F29A7D7C2C1F51750053745D /* Products */ = {
			isa = PBXGroup;
			children = (
				F29A7D7B2C1F51750053745D /* VelogLog.app */,
				F29A7D902C1F52570053745D /* LogWidgetExtension.appex */,
			);
			name = Products;
			sourceTree = "<group>";
		};
		F29A7D7D2C1F51750053745D /* VelogLog */ = {
			isa = PBXGroup;
			children = (
				F2A68F992C4AD15B006211BE /* Info.plist */,
				F2A68F8B2C4584AB006211BE /* VelogLog.entitlements */,
				F2A68F742C30645C006211BE /* Helper */,
				F24054952C28549900A8C38C /* Model */,
				F29A7D7E2C1F51750053745D /* VelogLogApp.swift */,
				F2A68F8D2C4A92AC006211BE /* HelpView.swift */,
				F2A68F932C4AB542006211BE /* FeedbackView.swift */,
				F29A7D802C1F51750053745D /* MainView.swift */,
				F2A68F9A2C4CFE8D006211BE /* SplashView.swift */,
				F29A7D822C1F51760053745D /* Assets.xcassets */,
				F29A7D842C1F51760053745D /* Preview Content */,
				F2A68F722C2FF602006211BE /* UserDefaultManager.swift */,
				F2A68F9C2C4D0169006211BE /* ContentView.swift */,
			);
			path = VelogLog;
			sourceTree = "<group>";
		};
		F29A7D842C1F51760053745D /* Preview Content */ = {
			isa = PBXGroup;
			children = (
				F29A7D852C1F51760053745D /* Preview Assets.xcassets */,
			);
			path = "Preview Content";
			sourceTree = "<group>";
		};
		F29A7D912C1F52570053745D /* Frameworks */ = {
			isa = PBXGroup;
			children = (
				F29A7D922C1F52570053745D /* WidgetKit.framework */,
				F29A7D942C1F52570053745D /* SwiftUI.framework */,
			);
			name = Frameworks;
			sourceTree = "<group>";
		};
		F29A7D962C1F52580053745D /* LogWidget */ = {
			isa = PBXGroup;
			children = (
				F29A7D972C1F52580053745D /* LogWidgetBundle.swift */,
				F29A7D992C1F52580053745D /* LogWidgetLiveActivity.swift */,
				F29A7D9B2C1F52580053745D /* LogWidget.swift */,
				F29A7D9D2C1F52580053745D /* LogWidget.intentdefinition */,
				F29A7D9E2C1F52590053745D /* Assets.xcassets */,
				F29A7DA02C1F52590053745D /* Info.plist */,
			);
			path = LogWidget;
			sourceTree = "<group>";
		};
		F2A68F742C30645C006211BE /* Helper */ = {
			isa = PBXGroup;
			children = (
				F2A68F772C31417C006211BE /* CustomWKWebView.swift */,
				F2A68F7D2C31826F006211BE /* CustomRefresher.swift */,
				F2A68F972C4AC944006211BE /* hideKeyboardExtension.swift */,
			);
			path = Helper;
			sourceTree = "<group>";
		};
/* End PBXGroup section */

/* Begin PBXNativeTarget section */
		F29A7D7A2C1F51750053745D /* VelogLog */ = {
			isa = PBXNativeTarget;
			buildConfigurationList = F29A7D892C1F51760053745D /* Build configuration list for PBXNativeTarget "VelogLog" */;
			buildPhases = (
				F29A7D772C1F51750053745D /* Sources */,
				F29A7D782C1F51750053745D /* Frameworks */,
				F29A7D792C1F51750053745D /* Resources */,
				F29A7DA92C1F52590053745D /* Embed Foundation Extensions */,
			);
			buildRules = (
			);
			dependencies = (
				F29A7DA42C1F52590053745D /* PBXTargetDependency */,
			);
			name = VelogLog;
			packageProductDependencies = (
				F2A68F832C3C57F6006211BE /* Alamofire */,
			);
			productName = VelogLog;
			productReference = F29A7D7B2C1F51750053745D /* VelogLog.app */;
			productType = "com.apple.product-type.application";
		};
		F29A7D8F2C1F52570053745D /* LogWidgetExtension */ = {
			isa = PBXNativeTarget;
			buildConfigurationList = F29A7DA62C1F52590053745D /* Build configuration list for PBXNativeTarget "LogWidgetExtension" */;
			buildPhases = (
				F29A7D8C2C1F52570053745D /* Sources */,
				F29A7D8D2C1F52570053745D /* Frameworks */,
				F29A7D8E2C1F52570053745D /* Resources */,
			);
			buildRules = (
			);
			dependencies = (
			);
			name = LogWidgetExtension;
			packageProductDependencies = (
				F2A68F7F2C3C57E5006211BE /* Alamofire */,
			);
			productName = LogWidgetExtension;
			productReference = F29A7D902C1F52570053745D /* LogWidgetExtension.appex */;
			productType = "com.apple.product-type.app-extension";
		};
/* End PBXNativeTarget section */

/* Begin PBXProject section */
		F29A7D732C1F51750053745D /* Project object */ = {
			isa = PBXProject;
			attributes = {
				BuildIndependentTargetsInParallel = 1;
				LastSwiftUpdateCheck = 1410;
				LastUpgradeCheck = 1540;
				TargetAttributes = {
					F29A7D7A2C1F51750053745D = {
						CreatedOnToolsVersion = 14.1;
					};
					F29A7D8F2C1F52570053745D = {
						CreatedOnToolsVersion = 14.1;
					};
				};
			};
			buildConfigurationList = F29A7D762C1F51750053745D /* Build configuration list for PBXProject "VelogLog" */;
			compatibilityVersion = "Xcode 14.0";
			developmentRegion = en;
			hasScannedForEncodings = 0;
			knownRegions = (
				en,
				Base,
			);
			mainGroup = F29A7D722C1F51750053745D;
			packageReferences = (
				F24054A22C2FD2C400A8C38C /* XCRemoteSwiftPackageReference "Alamofire" */,
			);
			productRefGroup = F29A7D7C2C1F51750053745D /* Products */;
			projectDirPath = "";
			projectRoot = "";
			targets = (
				F29A7D7A2C1F51750053745D /* VelogLog */,
				F29A7D8F2C1F52570053745D /* LogWidgetExtension */,
			);
		};
/* End PBXProject section */

/* Begin PBXResourcesBuildPhase section */
		F29A7D792C1F51750053745D /* Resources */ = {
			isa = PBXResourcesBuildPhase;
			buildActionMask = 2147483647;
			files = (
				F29A7D862C1F51760053745D /* Preview Assets.xcassets in Resources */,
				F29A7D832C1F51760053745D /* Assets.xcassets in Resources */,
			);
			runOnlyForDeploymentPostprocessing = 0;
		};
		F29A7D8E2C1F52570053745D /* Resources */ = {
			isa = PBXResourcesBuildPhase;
			buildActionMask = 2147483647;
			files = (
				F29A7D9F2C1F52590053745D /* Assets.xcassets in Resources */,
			);
			runOnlyForDeploymentPostprocessing = 0;
		};
/* End PBXResourcesBuildPhase section */

/* Begin PBXSourcesBuildPhase section */
		F29A7D772C1F51750053745D /* Sources */ = {
			isa = PBXSourcesBuildPhase;
			buildActionMask = 2147483647;
			files = (
				F2A68F782C31417C006211BE /* CustomWKWebView.swift in Sources */,
				F2A68F732C2FF602006211BE /* UserDefaultManager.swift in Sources */,
				F2A68F9D2C4D0169006211BE /* ContentView.swift in Sources */,
				F29A7DA22C1F52590053745D /* LogWidget.intentdefinition in Sources */,
				F2A68F7E2C31826F006211BE /* CustomRefresher.swift in Sources */,
				F29A7D812C1F51750053745D /* MainView.swift in Sources */,
				F2A68F8E2C4A92AC006211BE /* HelpView.swift in Sources */,
				F29A7D7F2C1F51750053745D /* VelogLogApp.swift in Sources */,
				F24054972C2854A700A8C38C /* Post.swift in Sources */,
				F2A68F9B2C4CFE8D006211BE /* SplashView.swift in Sources */,
				F2A68F922C4AAE3D006211BE /* ResponseModel.swift in Sources */,
				F2A68F942C4AB542006211BE /* FeedbackView.swift in Sources */,
				F2A68F982C4AC944006211BE /* hideKeyboardExtension.swift in Sources */,
				F2A68F902C4AA83F006211BE /* FAQ.swift in Sources */,
			);
			runOnlyForDeploymentPostprocessing = 0;
		};
		F29A7D8C2C1F52570053745D /* Sources */ = {
			isa = PBXSourcesBuildPhase;
			buildActionMask = 2147483647;
			files = (
				F29A7D9C2C1F52580053745D /* LogWidget.swift in Sources */,
				F29A7DA12C1F52590053745D /* LogWidget.intentdefinition in Sources */,
				F29A7D982C1F52580053745D /* LogWidgetBundle.swift in Sources */,
				F29A7D9A2C1F52580053745D /* LogWidgetLiveActivity.swift in Sources */,
			);
			runOnlyForDeploymentPostprocessing = 0;
		};
/* End PBXSourcesBuildPhase section */

/* Begin PBXTargetDependency section */
		F29A7DA42C1F52590053745D /* PBXTargetDependency */ = {
			isa = PBXTargetDependency;
			target = F29A7D8F2C1F52570053745D /* LogWidgetExtension */;
			targetProxy = F29A7DA32C1F52590053745D /* PBXContainerItemProxy */;
		};
/* End PBXTargetDependency section */

/* Begin XCBuildConfiguration section */
		F29A7D872C1F51760053745D /* Debug */ = {
			isa = XCBuildConfiguration;
			buildSettings = {
				ALWAYS_SEARCH_USER_PATHS = NO;
				CLANG_ANALYZER_NONNULL = YES;
				CLANG_ANALYZER_NUMBER_OBJECT_CONVERSION = YES_AGGRESSIVE;
				CLANG_CXX_LANGUAGE_STANDARD = "gnu++20";
				CLANG_ENABLE_MODULES = YES;
				CLANG_ENABLE_OBJC_ARC = YES;
				CLANG_ENABLE_OBJC_WEAK = YES;
				CLANG_WARN_BLOCK_CAPTURE_AUTORELEASING = YES;
				CLANG_WARN_BOOL_CONVERSION = YES;
				CLANG_WARN_COMMA = YES;
				CLANG_WARN_CONSTANT_CONVERSION = YES;
				CLANG_WARN_DEPRECATED_OBJC_IMPLEMENTATIONS = YES;
				CLANG_WARN_DIRECT_OBJC_ISA_USAGE = YES_ERROR;
				CLANG_WARN_DOCUMENTATION_COMMENTS = YES;
				CLANG_WARN_EMPTY_BODY = YES;
				CLANG_WARN_ENUM_CONVERSION = YES;
				CLANG_WARN_INFINITE_RECURSION = YES;
				CLANG_WARN_INT_CONVERSION = YES;
				CLANG_WARN_NON_LITERAL_NULL_CONVERSION = YES;
				CLANG_WARN_OBJC_IMPLICIT_RETAIN_SELF = YES;
				CLANG_WARN_OBJC_LITERAL_CONVERSION = YES;
				CLANG_WARN_OBJC_ROOT_CLASS = YES_ERROR;
				CLANG_WARN_QUOTED_INCLUDE_IN_FRAMEWORK_HEADER = YES;
				CLANG_WARN_RANGE_LOOP_ANALYSIS = YES;
				CLANG_WARN_STRICT_PROTOTYPES = YES;
				CLANG_WARN_SUSPICIOUS_MOVE = YES;
				CLANG_WARN_UNGUARDED_AVAILABILITY = YES_AGGRESSIVE;
				CLANG_WARN_UNREACHABLE_CODE = YES;
				CLANG_WARN__DUPLICATE_METHOD_MATCH = YES;
				COPY_PHASE_STRIP = NO;
				DEBUG_INFORMATION_FORMAT = dwarf;
				ENABLE_STRICT_OBJC_MSGSEND = YES;
				ENABLE_TESTABILITY = YES;
				ENABLE_USER_SCRIPT_SANDBOXING = YES;
				GCC_C_LANGUAGE_STANDARD = gnu11;
				GCC_DYNAMIC_NO_PIC = NO;
				GCC_NO_COMMON_BLOCKS = YES;
				GCC_OPTIMIZATION_LEVEL = 0;
				GCC_PREPROCESSOR_DEFINITIONS = (
					"DEBUG=1",
					"$(inherited)",
				);
				GCC_WARN_64_TO_32_BIT_CONVERSION = YES;
				GCC_WARN_ABOUT_RETURN_TYPE = YES_ERROR;
				GCC_WARN_UNDECLARED_SELECTOR = YES;
				GCC_WARN_UNINITIALIZED_AUTOS = YES_AGGRESSIVE;
				GCC_WARN_UNUSED_FUNCTION = YES;
				GCC_WARN_UNUSED_VARIABLE = YES;
				IPHONEOS_DEPLOYMENT_TARGET = 16.1;
				MTL_ENABLE_DEBUG_INFO = INCLUDE_SOURCE;
				MTL_FAST_MATH = YES;
				ONLY_ACTIVE_ARCH = YES;
				SDKROOT = iphoneos;
				SWIFT_ACTIVE_COMPILATION_CONDITIONS = DEBUG;
				SWIFT_OPTIMIZATION_LEVEL = "-Onone";
			};
			name = Debug;
		};
		F29A7D882C1F51760053745D /* Release */ = {
			isa = XCBuildConfiguration;
			buildSettings = {
				ALWAYS_SEARCH_USER_PATHS = NO;
				CLANG_ANALYZER_NONNULL = YES;
				CLANG_ANALYZER_NUMBER_OBJECT_CONVERSION = YES_AGGRESSIVE;
				CLANG_CXX_LANGUAGE_STANDARD = "gnu++20";
				CLANG_ENABLE_MODULES = YES;
				CLANG_ENABLE_OBJC_ARC = YES;
				CLANG_ENABLE_OBJC_WEAK = YES;
				CLANG_WARN_BLOCK_CAPTURE_AUTORELEASING = YES;
				CLANG_WARN_BOOL_CONVERSION = YES;
				CLANG_WARN_COMMA = YES;
				CLANG_WARN_CONSTANT_CONVERSION = YES;
				CLANG_WARN_DEPRECATED_OBJC_IMPLEMENTATIONS = YES;
				CLANG_WARN_DIRECT_OBJC_ISA_USAGE = YES_ERROR;
				CLANG_WARN_DOCUMENTATION_COMMENTS = YES;
				CLANG_WARN_EMPTY_BODY = YES;
				CLANG_WARN_ENUM_CONVERSION = YES;
				CLANG_WARN_INFINITE_RECURSION = YES;
				CLANG_WARN_INT_CONVERSION = YES;
				CLANG_WARN_NON_LITERAL_NULL_CONVERSION = YES;
				CLANG_WARN_OBJC_IMPLICIT_RETAIN_SELF = YES;
				CLANG_WARN_OBJC_LITERAL_CONVERSION = YES;
				CLANG_WARN_OBJC_ROOT_CLASS = YES_ERROR;
				CLANG_WARN_QUOTED_INCLUDE_IN_FRAMEWORK_HEADER = YES;
				CLANG_WARN_RANGE_LOOP_ANALYSIS = YES;
				CLANG_WARN_STRICT_PROTOTYPES = YES;
				CLANG_WARN_SUSPICIOUS_MOVE = YES;
				CLANG_WARN_UNGUARDED_AVAILABILITY = YES_AGGRESSIVE;
				CLANG_WARN_UNREACHABLE_CODE = YES;
				CLANG_WARN__DUPLICATE_METHOD_MATCH = YES;
				COPY_PHASE_STRIP = NO;
				DEBUG_INFORMATION_FORMAT = "dwarf-with-dsym";
				ENABLE_NS_ASSERTIONS = NO;
				ENABLE_STRICT_OBJC_MSGSEND = YES;
				ENABLE_USER_SCRIPT_SANDBOXING = YES;
				GCC_C_LANGUAGE_STANDARD = gnu11;
				GCC_NO_COMMON_BLOCKS = YES;
				GCC_WARN_64_TO_32_BIT_CONVERSION = YES;
				GCC_WARN_ABOUT_RETURN_TYPE = YES_ERROR;
				GCC_WARN_UNDECLARED_SELECTOR = YES;
				GCC_WARN_UNINITIALIZED_AUTOS = YES_AGGRESSIVE;
				GCC_WARN_UNUSED_FUNCTION = YES;
				GCC_WARN_UNUSED_VARIABLE = YES;
				IPHONEOS_DEPLOYMENT_TARGET = 16.1;
				MTL_ENABLE_DEBUG_INFO = NO;
				MTL_FAST_MATH = YES;
				SDKROOT = iphoneos;
				SWIFT_COMPILATION_MODE = wholemodule;
				SWIFT_OPTIMIZATION_LEVEL = "-O";
				VALIDATE_PRODUCT = YES;
			};
			name = Release;
		};
		F29A7D8A2C1F51760053745D /* Debug */ = {
			isa = XCBuildConfiguration;
			buildSettings = {
				ALWAYS_EMBED_SWIFT_STANDARD_LIBRARIES = YES;
				ASSETCATALOG_COMPILER_APPICON_NAME = AppIcon;
				ASSETCATALOG_COMPILER_GLOBAL_ACCENT_COLOR_NAME = AccentColor;
				CODE_SIGN_ENTITLEMENTS = VelogLog/VelogLog.entitlements;
				CODE_SIGN_STYLE = Automatic;
				CURRENT_PROJECT_VERSION = 1;
				DEVELOPMENT_ASSET_PATHS = "\"VelogLog/Preview Content\"";
				DEVELOPMENT_TEAM = T3MRA53A8Y;
				ENABLE_PREVIEWS = YES;
				GENERATE_INFOPLIST_FILE = YES;
				INFOPLIST_FILE = VelogLog/Info.plist;
				INFOPLIST_KEY_UIApplicationSceneManifest_Generation = YES;
				INFOPLIST_KEY_UIApplicationSupportsIndirectInputEvents = YES;
				INFOPLIST_KEY_UILaunchScreen_Generation = YES;
				INFOPLIST_KEY_UISupportedInterfaceOrientations_iPad = "UIInterfaceOrientationPortrait UIInterfaceOrientationPortraitUpsideDown UIInterfaceOrientationLandscapeLeft UIInterfaceOrientationLandscapeRight";
				INFOPLIST_KEY_UISupportedInterfaceOrientations_iPhone = "UIInterfaceOrientationPortrait UIInterfaceOrientationLandscapeLeft UIInterfaceOrientationLandscapeRight";
				IPHONEOS_DEPLOYMENT_TARGET = 17.5;
				LD_RUNPATH_SEARCH_PATHS = (
					"$(inherited)",
					"@executable_path/Frameworks",
				);
				MARKETING_VERSION = 1.0;
				PRODUCT_BUNDLE_IDENTIFIER = undefined.VelogLog;
				PRODUCT_NAME = "$(TARGET_NAME)";
				SWIFT_EMIT_LOC_STRINGS = YES;
				SWIFT_VERSION = 5.0;
				TARGETED_DEVICE_FAMILY = "1,2";
			};
			name = Debug;
		};
		F29A7D8B2C1F51760053745D /* Release */ = {
			isa = XCBuildConfiguration;
			buildSettings = {
				ALWAYS_EMBED_SWIFT_STANDARD_LIBRARIES = YES;
				ASSETCATALOG_COMPILER_APPICON_NAME = AppIcon;
				ASSETCATALOG_COMPILER_GLOBAL_ACCENT_COLOR_NAME = AccentColor;
				CODE_SIGN_ENTITLEMENTS = VelogLog/VelogLog.entitlements;
				CODE_SIGN_STYLE = Automatic;
				CURRENT_PROJECT_VERSION = 1;
				DEVELOPMENT_ASSET_PATHS = "\"VelogLog/Preview Content\"";
				DEVELOPMENT_TEAM = T3MRA53A8Y;
				ENABLE_PREVIEWS = YES;
				GENERATE_INFOPLIST_FILE = YES;
				INFOPLIST_FILE = VelogLog/Info.plist;
				INFOPLIST_KEY_UIApplicationSceneManifest_Generation = YES;
				INFOPLIST_KEY_UIApplicationSupportsIndirectInputEvents = YES;
				INFOPLIST_KEY_UILaunchScreen_Generation = YES;
				INFOPLIST_KEY_UISupportedInterfaceOrientations_iPad = "UIInterfaceOrientationPortrait UIInterfaceOrientationPortraitUpsideDown UIInterfaceOrientationLandscapeLeft UIInterfaceOrientationLandscapeRight";
				INFOPLIST_KEY_UISupportedInterfaceOrientations_iPhone = "UIInterfaceOrientationPortrait UIInterfaceOrientationLandscapeLeft UIInterfaceOrientationLandscapeRight";
				IPHONEOS_DEPLOYMENT_TARGET = 17.5;
				LD_RUNPATH_SEARCH_PATHS = (
					"$(inherited)",
					"@executable_path/Frameworks",
				);
				MARKETING_VERSION = 1.0;
				PRODUCT_BUNDLE_IDENTIFIER = undefined.VelogLog;
				PRODUCT_NAME = "$(TARGET_NAME)";
				SWIFT_EMIT_LOC_STRINGS = YES;
				SWIFT_VERSION = 5.0;
				TARGETED_DEVICE_FAMILY = "1,2";
			};
			name = Release;
		};
		F29A7DA72C1F52590053745D /* Debug */ = {
			isa = XCBuildConfiguration;
			buildSettings = {
				ASSETCATALOG_COMPILER_GLOBAL_ACCENT_COLOR_NAME = AccentColor;
				ASSETCATALOG_COMPILER_WIDGET_BACKGROUND_COLOR_NAME = WidgetBackground;
				CODE_SIGN_ENTITLEMENTS = LogWidgetExtension.entitlements;
				CODE_SIGN_STYLE = Automatic;
				CURRENT_PROJECT_VERSION = 1;
				DEVELOPMENT_TEAM = T3MRA53A8Y;
				GENERATE_INFOPLIST_FILE = YES;
				INFOPLIST_FILE = LogWidget/Info.plist;
				INFOPLIST_KEY_CFBundleDisplayName = LogWidget;
				INFOPLIST_KEY_NSHumanReadableCopyright = "";
				LD_RUNPATH_SEARCH_PATHS = (
					"$(inherited)",
					"@executable_path/Frameworks",
					"@executable_path/../../Frameworks",
				);
				MARKETING_VERSION = 1.0;
				PRODUCT_BUNDLE_IDENTIFIER = undefined.VelogLog.LogWidget;
				PRODUCT_NAME = "$(TARGET_NAME)";
				SKIP_INSTALL = YES;
				SWIFT_EMIT_LOC_STRINGS = YES;
				SWIFT_VERSION = 5.0;
				TARGETED_DEVICE_FAMILY = "1,2";
			};
			name = Debug;
		};
		F29A7DA82C1F52590053745D /* Release */ = {
			isa = XCBuildConfiguration;
			buildSettings = {
				ASSETCATALOG_COMPILER_GLOBAL_ACCENT_COLOR_NAME = AccentColor;
				ASSETCATALOG_COMPILER_WIDGET_BACKGROUND_COLOR_NAME = WidgetBackground;
				CODE_SIGN_ENTITLEMENTS = LogWidgetExtension.entitlements;
				CODE_SIGN_STYLE = Automatic;
				CURRENT_PROJECT_VERSION = 1;
				DEVELOPMENT_TEAM = T3MRA53A8Y;
				GENERATE_INFOPLIST_FILE = YES;
				INFOPLIST_FILE = LogWidget/Info.plist;
				INFOPLIST_KEY_CFBundleDisplayName = LogWidget;
				INFOPLIST_KEY_NSHumanReadableCopyright = "";
				LD_RUNPATH_SEARCH_PATHS = (
					"$(inherited)",
					"@executable_path/Frameworks",
					"@executable_path/../../Frameworks",
				);
				MARKETING_VERSION = 1.0;
				PRODUCT_BUNDLE_IDENTIFIER = undefined.VelogLog.LogWidget;
				PRODUCT_NAME = "$(TARGET_NAME)";
				SKIP_INSTALL = YES;
				SWIFT_EMIT_LOC_STRINGS = YES;
				SWIFT_VERSION = 5.0;
				TARGETED_DEVICE_FAMILY = "1,2";
			};
			name = Release;
		};
/* End XCBuildConfiguration section */

/* Begin XCConfigurationList section */
		F29A7D762C1F51750053745D /* Build configuration list for PBXProject "VelogLog" */ = {
			isa = XCConfigurationList;
			buildConfigurations = (
				F29A7D872C1F51760053745D /* Debug */,
				F29A7D882C1F51760053745D /* Release */,
			);
			defaultConfigurationIsVisible = 0;
			defaultConfigurationName = Release;
		};
		F29A7D892C1F51760053745D /* Build configuration list for PBXNativeTarget "VelogLog" */ = {
			isa = XCConfigurationList;
			buildConfigurations = (
				F29A7D8A2C1F51760053745D /* Debug */,
				F29A7D8B2C1F51760053745D /* Release */,
			);
			defaultConfigurationIsVisible = 0;
			defaultConfigurationName = Release;
		};
		F29A7DA62C1F52590053745D /* Build configuration list for PBXNativeTarget "LogWidgetExtension" */ = {
			isa = XCConfigurationList;
			buildConfigurations = (
				F29A7DA72C1F52590053745D /* Debug */,
				F29A7DA82C1F52590053745D /* Release */,
			);
			defaultConfigurationIsVisible = 0;
			defaultConfigurationName = Release;
		};
/* End XCConfigurationList section */

/* Begin XCRemoteSwiftPackageReference section */
		F24054A22C2FD2C400A8C38C /* XCRemoteSwiftPackageReference "Alamofire" */ = {
			isa = XCRemoteSwiftPackageReference;
			repositoryURL = "https://github.com/Alamofire/Alamofire";
			requirement = {
				kind = upToNextMajorVersion;
				minimumVersion = 5.9.1;
			};
		};
/* End XCRemoteSwiftPackageReference section */

/* Begin XCSwiftPackageProductDependency section */
		F2A68F7F2C3C57E5006211BE /* Alamofire */ = {
			isa = XCSwiftPackageProductDependency;
			package = F24054A22C2FD2C400A8C38C /* XCRemoteSwiftPackageReference "Alamofire" */;
			productName = Alamofire;
		};
		F2A68F832C3C57F6006211BE /* Alamofire */ = {
			isa = XCSwiftPackageProductDependency;
			package = F24054A22C2FD2C400A8C38C /* XCRemoteSwiftPackageReference "Alamofire" */;
			productName = Alamofire;
		};
/* End XCSwiftPackageProductDependency section */
	};
	rootObject = F29A7D732C1F51750053745D /* Project object */;
}
